// !$*UTF8*$!
{
	archiveVersion = 1;
	classes = {
	};
	objectVersion = 56;
	objects = {

/* Begin PBXBuildFile section */
		0A99F9C52B50256700EE4E2B /* TrackerButton.swift in Sources */ = {isa = PBXBuildFile; fileRef = 0A99F9C42B50256700EE4E2B /* TrackerButton.swift */; };
		8084C08F2B7A06A1005CC90E /* PillInputView.swift in Sources */ = {isa = PBXBuildFile; fileRef = 8084C08E2B7A06A1005CC90E /* PillInputView.swift */; };
		80CDB7292B5D886D00933D91 /* PillModel.swift in Sources */ = {isa = PBXBuildFile; fileRef = 80CDB7282B5D886D00933D91 /* PillModel.swift */; };
		80CE739D2B4ED64C00D9AD74 /* NoDataViewDashboard.swift in Sources */ = {isa = PBXBuildFile; fileRef = 80CE739C2B4ED64C00D9AD74 /* NoDataViewDashboard.swift */; };
		93484E4A2B2CB54400882CDE /* Project_Health_CheckApp.swift in Sources */ = {isa = PBXBuildFile; fileRef = 93484E492B2CB54400882CDE /* Project_Health_CheckApp.swift */; };
		93484E4C2B2CB54400882CDE /* ContentView.swift in Sources */ = {isa = PBXBuildFile; fileRef = 93484E4B2B2CB54400882CDE /* ContentView.swift */; };
		93484E4E2B2CB54500882CDE /* Assets.xcassets in Resources */ = {isa = PBXBuildFile; fileRef = 93484E4D2B2CB54500882CDE /* Assets.xcassets */; };
		93484E512B2CB54500882CDE /* Preview Assets.xcassets in Resources */ = {isa = PBXBuildFile; fileRef = 93484E502B2CB54500882CDE /* Preview Assets.xcassets */; };
		936351AD2B45C144003C4CB8 /* PillTrackerView.swift in Sources */ = {isa = PBXBuildFile; fileRef = 936351AC2B45C144003C4CB8 /* PillTrackerView.swift */; };
		936351AF2B45C151003C4CB8 /* MoodTrackerView.swift in Sources */ = {isa = PBXBuildFile; fileRef = 936351AE2B45C151003C4CB8 /* MoodTrackerView.swift */; };
		936351B12B45C15D003C4CB8 /* DashboardView.swift in Sources */ = {isa = PBXBuildFile; fileRef = 936351B02B45C15D003C4CB8 /* DashboardView.swift */; };
/* End PBXBuildFile section */

/* Begin PBXFileReference section */
		0A99F9C42B50256700EE4E2B /* TrackerButton.swift */ = {isa = PBXFileReference; lastKnownFileType = sourcecode.swift; path = TrackerButton.swift; sourceTree = "<group>"; };
		8084C08E2B7A06A1005CC90E /* PillInputView.swift */ = {isa = PBXFileReference; lastKnownFileType = sourcecode.swift; path = PillInputView.swift; sourceTree = "<group>"; };
		80CDB7282B5D886D00933D91 /* PillModel.swift */ = {isa = PBXFileReference; lastKnownFileType = sourcecode.swift; path = PillModel.swift; sourceTree = "<group>"; };
		80CE739C2B4ED64C00D9AD74 /* NoDataViewDashboard.swift */ = {isa = PBXFileReference; lastKnownFileType = sourcecode.swift; path = NoDataViewDashboard.swift; sourceTree = "<group>"; };
		93484E462B2CB54400882CDE /* Project Health Check.app */ = {isa = PBXFileReference; explicitFileType = wrapper.application; includeInIndex = 0; path = "Project Health Check.app"; sourceTree = BUILT_PRODUCTS_DIR; };
		93484E492B2CB54400882CDE /* Project_Health_CheckApp.swift */ = {isa = PBXFileReference; lastKnownFileType = sourcecode.swift; path = Project_Health_CheckApp.swift; sourceTree = "<group>"; };
		93484E4B2B2CB54400882CDE /* ContentView.swift */ = {isa = PBXFileReference; lastKnownFileType = sourcecode.swift; path = ContentView.swift; sourceTree = "<group>"; };
		93484E4D2B2CB54500882CDE /* Assets.xcassets */ = {isa = PBXFileReference; lastKnownFileType = folder.assetcatalog; path = Assets.xcassets; sourceTree = "<group>"; };
		93484E502B2CB54500882CDE /* Preview Assets.xcassets */ = {isa = PBXFileReference; lastKnownFileType = folder.assetcatalog; path = "Preview Assets.xcassets"; sourceTree = "<group>"; };
		936351AC2B45C144003C4CB8 /* PillTrackerView.swift */ = {isa = PBXFileReference; lastKnownFileType = sourcecode.swift; path = PillTrackerView.swift; sourceTree = "<group>"; };
		936351AE2B45C151003C4CB8 /* MoodTrackerView.swift */ = {isa = PBXFileReference; lastKnownFileType = sourcecode.swift; path = MoodTrackerView.swift; sourceTree = "<group>"; };
		936351B02B45C15D003C4CB8 /* DashboardView.swift */ = {isa = PBXFileReference; lastKnownFileType = sourcecode.swift; path = DashboardView.swift; sourceTree = "<group>"; };
/* End PBXFileReference section */

/* Begin PBXFrameworksBuildPhase section */
		93484E432B2CB54400882CDE /* Frameworks */ = {
			isa = PBXFrameworksBuildPhase;
			buildActionMask = 2147483647;
			files = (
			);
			runOnlyForDeploymentPostprocessing = 0;
		};
/* End PBXFrameworksBuildPhase section */

/* Begin PBXGroup section */
		0A99F9C32B50255A00EE4E2B /* Helpers */ = {
			isa = PBXGroup;
			children = (
				0A99F9C42B50256700EE4E2B /* TrackerButton.swift */,
			);
			path = Helpers;
			sourceTree = "<group>";
		};
		8084C0882B7A0555005CC90E /* Dashboard */ = {
			isa = PBXGroup;
			children = (
				936351B02B45C15D003C4CB8 /* DashboardView.swift */,
			);
			path = Dashboard;
			sourceTree = "<group>";
		};
		8084C08A2B7A05AA005CC90E /* Pill */ = {
			isa = PBXGroup;
			children = (
				936351AC2B45C144003C4CB8 /* PillTrackerView.swift */,
				8084C08E2B7A06A1005CC90E /* PillInputView.swift */,
			);
			path = Pill;
			sourceTree = "<group>";
		};
		8084C08B2B7A05E0005CC90E /* Mood */ = {
			isa = PBXGroup;
			children = (
				936351AE2B45C151003C4CB8 /* MoodTrackerView.swift */,
			);
			path = Mood;
			sourceTree = "<group>";
		};
		80CDB7272B5D885C00933D91 /* Models */ = {
			isa = PBXGroup;
			children = (
				80CDB7282B5D886D00933D91 /* PillModel.swift */,
			);
			path = Models;
			sourceTree = "<group>";
		};
		80CE739B2B4ED62600D9AD74 /* Views */ = {
			isa = PBXGroup;
			children = (
				80CE739C2B4ED64C00D9AD74 /* NoDataViewDashboard.swift */,
			);
			path = Views;
			sourceTree = "<group>";
		};
		93484E3D2B2CB54400882CDE = {
			isa = PBXGroup;
			children = (
				93484E482B2CB54400882CDE /* Project Health Check */,
				93484E472B2CB54400882CDE /* Products */,
			);
			sourceTree = "<group>";
		};
		93484E472B2CB54400882CDE /* Products */ = {
			isa = PBXGroup;
			children = (
				93484E462B2CB54400882CDE /* Project Health Check.app */,
			);
			name = Products;
			sourceTree = "<group>";
		};
		93484E482B2CB54400882CDE /* Project Health Check */ = {
			isa = PBXGroup;
			children = (
				80CDB7272B5D885C00933D91 /* Models */,
				0A99F9C32B50255A00EE4E2B /* Helpers */,
				80CE739B2B4ED62600D9AD74 /* Views */,
				936351AB2B45C135003C4CB8 /* Screens */,
				93484E492B2CB54400882CDE /* Project_Health_CheckApp.swift */,
				93484E4B2B2CB54400882CDE /* ContentView.swift */,
				93484E4D2B2CB54500882CDE /* Assets.xcassets */,
				93484E4F2B2CB54500882CDE /* Preview Content */,
			);
			path = "Project Health Check";
			sourceTree = "<group>";
		};
		93484E4F2B2CB54500882CDE /* Preview Content */ = {
			isa = PBXGroup;
			children = (
				93484E502B2CB54500882CDE /* Preview Assets.xcassets */,
			);
			path = "Preview Content";
			sourceTree = "<group>";
		};
		936351AB2B45C135003C4CB8 /* Screens */ = {
			isa = PBXGroup;
			children = (
				8084C0882B7A0555005CC90E /* Dashboard */,
				8084C08A2B7A05AA005CC90E /* Pill */,
				8084C08B2B7A05E0005CC90E /* Mood */,
			);
			path = Screens;
			sourceTree = "<group>";
		};
/* End PBXGroup section */

/* Begin PBXNativeTarget section */
		93484E452B2CB54400882CDE /* Project Health Check */ = {
			isa = PBXNativeTarget;
			buildConfigurationList = 93484E542B2CB54500882CDE /* Build configuration list for PBXNativeTarget "Project Health Check" */;
			buildPhases = (
				93484E422B2CB54400882CDE /* Sources */,
				93484E432B2CB54400882CDE /* Frameworks */,
				93484E442B2CB54400882CDE /* Resources */,
			);
			buildRules = (
			);
			dependencies = (
			);
			name = "Project Health Check";
			productName = "Project Health Check";
			productReference = 93484E462B2CB54400882CDE /* Project Health Check.app */;
			productType = "com.apple.product-type.application";
		};
/* End PBXNativeTarget section */

/* Begin PBXProject section */
		93484E3E2B2CB54400882CDE /* Project object */ = {
			isa = PBXProject;
			attributes = {
				BuildIndependentTargetsInParallel = 1;
				LastSwiftUpdateCheck = 1500;
				LastUpgradeCheck = 1500;
				TargetAttributes = {
					93484E452B2CB54400882CDE = {
						CreatedOnToolsVersion = 15.0;
					};
				};
			};
			buildConfigurationList = 93484E412B2CB54400882CDE /* Build configuration list for PBXProject "Project Health Check" */;
			compatibilityVersion = "Xcode 14.0";
			developmentRegion = en;
			hasScannedForEncodings = 0;
			knownRegions = (
				en,
				Base,
			);
			mainGroup = 93484E3D2B2CB54400882CDE;
			productRefGroup = 93484E472B2CB54400882CDE /* Products */;
			projectDirPath = "";
			projectRoot = "";
			targets = (
				93484E452B2CB54400882CDE /* Project Health Check */,
			);
		};
/* End PBXProject section */

/* Begin PBXResourcesBuildPhase section */
		93484E442B2CB54400882CDE /* Resources */ = {
			isa = PBXResourcesBuildPhase;
			buildActionMask = 2147483647;
			files = (
				93484E512B2CB54500882CDE /* Preview Assets.xcassets in Resources */,
				93484E4E2B2CB54500882CDE /* Assets.xcassets in Resources */,
			);
			runOnlyForDeploymentPostprocessing = 0;
		};
/* End PBXResourcesBuildPhase section */

/* Begin PBXSourcesBuildPhase section */
		93484E422B2CB54400882CDE /* Sources */ = {
			isa = PBXSourcesBuildPhase;
			buildActionMask = 2147483647;
			files = (
				0A99F9C52B50256700EE4E2B /* TrackerButton.swift in Sources */,
				936351AD2B45C144003C4CB8 /* PillTrackerView.swift in Sources */,
				93484E4C2B2CB54400882CDE /* ContentView.swift in Sources */,
				936351B12B45C15D003C4CB8 /* DashboardView.swift in Sources */,
				80CDB7292B5D886D00933D91 /* PillModel.swift in Sources */,
				936351AF2B45C151003C4CB8 /* MoodTrackerView.swift in Sources */,
				8084C08F2B7A06A1005CC90E /* PillInputView.swift in Sources */,
				80CE739D2B4ED64C00D9AD74 /* NoDataViewDashboard.swift in Sources */,
				93484E4A2B2CB54400882CDE /* Project_Health_CheckApp.swift in Sources */,
			);
			runOnlyForDeploymentPostprocessing = 0;
		};
/* End PBXSourcesBuildPhase section */

/* Begin XCBuildConfiguration section */
		93484E522B2CB54500882CDE /* Debug */ = {
			isa = XCBuildConfiguration;
			buildSettings = {
				ALWAYS_SEARCH_USER_PATHS = NO;
				ASSETCATALOG_COMPILER_GENERATE_SWIFT_ASSET_SYMBOL_EXTENSIONS = YES;
				CLANG_ANALYZER_NONNULL = YES;
				CLANG_ANALYZER_NUMBER_OBJECT_CONVERSION = YES_AGGRESSIVE;
				CLANG_CXX_LANGUAGE_STANDARD = "gnu++20";
				CLANG_ENABLE_MODULES = YES;
				CLANG_ENABLE_OBJC_ARC = YES;
				CLANG_ENABLE_OBJC_WEAK = YES;
				CLANG_WARN_BLOCK_CAPTURE_AUTORELEASING = YES;
				CLANG_WARN_BOOL_CONVERSION = YES;
				CLANG_WARN_COMMA = YES;
				CLANG_WARN_CONSTANT_CONVERSION = YES;
				CLANG_WARN_DEPRECATED_OBJC_IMPLEMENTATIONS = YES;
				CLANG_WARN_DIRECT_OBJC_ISA_USAGE = YES_ERROR;
				CLANG_WARN_DOCUMENTATION_COMMENTS = YES;
				CLANG_WARN_EMPTY_BODY = YES;
				CLANG_WARN_ENUM_CONVERSION = YES;
				CLANG_WARN_INFINITE_RECURSION = YES;
				CLANG_WARN_INT_CONVERSION = YES;
				CLANG_WARN_NON_LITERAL_NULL_CONVERSION = YES;
				CLANG_WARN_OBJC_IMPLICIT_RETAIN_SELF = YES;
				CLANG_WARN_OBJC_LITERAL_CONVERSION = YES;
				CLANG_WARN_OBJC_ROOT_CLASS = YES_ERROR;
				CLANG_WARN_QUOTED_INCLUDE_IN_FRAMEWORK_HEADER = YES;
				CLANG_WARN_RANGE_LOOP_ANALYSIS = YES;
				CLANG_WARN_STRICT_PROTOTYPES = YES;
				CLANG_WARN_SUSPICIOUS_MOVE = YES;
				CLANG_WARN_UNGUARDED_AVAILABILITY = YES_AGGRESSIVE;
				CLANG_WARN_UNREACHABLE_CODE = YES;
				CLANG_WARN__DUPLICATE_METHOD_MATCH = YES;
				COPY_PHASE_STRIP = NO;
				DEBUG_INFORMATION_FORMAT = dwarf;
				ENABLE_STRICT_OBJC_MSGSEND = YES;
				ENABLE_TESTABILITY = YES;
				ENABLE_USER_SCRIPT_SANDBOXING = YES;
				GCC_C_LANGUAGE_STANDARD = gnu17;
				GCC_DYNAMIC_NO_PIC = NO;
				GCC_NO_COMMON_BLOCKS = YES;
				GCC_OPTIMIZATION_LEVEL = 0;
				GCC_PREPROCESSOR_DEFINITIONS = (
					"DEBUG=1",
					"$(inherited)",
				);
				GCC_WARN_64_TO_32_BIT_CONVERSION = YES;
				GCC_WARN_ABOUT_RETURN_TYPE = YES_ERROR;
				GCC_WARN_UNDECLARED_SELECTOR = YES;
				GCC_WARN_UNINITIALIZED_AUTOS = YES_AGGRESSIVE;
				GCC_WARN_UNUSED_FUNCTION = YES;
				GCC_WARN_UNUSED_VARIABLE = YES;
				IPHONEOS_DEPLOYMENT_TARGET = 17.0;
				LOCALIZATION_PREFERS_STRING_CATALOGS = YES;
				MTL_ENABLE_DEBUG_INFO = INCLUDE_SOURCE;
				MTL_FAST_MATH = YES;
				ONLY_ACTIVE_ARCH = YES;
				SDKROOT = iphoneos;
				SWIFT_ACTIVE_COMPILATION_CONDITIONS = "DEBUG $(inherited)";
				SWIFT_OPTIMIZATION_LEVEL = "-Onone";
			};
			name = Debug;
		};
		93484E532B2CB54500882CDE /* Release */ = {
			isa = XCBuildConfiguration;
			buildSettings = {
				ALWAYS_SEARCH_USER_PATHS = NO;
				ASSETCATALOG_COMPILER_GENERATE_SWIFT_ASSET_SYMBOL_EXTENSIONS = YES;
				CLANG_ANALYZER_NONNULL = YES;
				CLANG_ANALYZER_NUMBER_OBJECT_CONVERSION = YES_AGGRESSIVE;
				CLANG_CXX_LANGUAGE_STANDARD = "gnu++20";
				CLANG_ENABLE_MODULES = YES;
				CLANG_ENABLE_OBJC_ARC = YES;
				CLANG_ENABLE_OBJC_WEAK = YES;
				CLANG_WARN_BLOCK_CAPTURE_AUTORELEASING = YES;
				CLANG_WARN_BOOL_CONVERSION = YES;
				CLANG_WARN_COMMA = YES;
				CLANG_WARN_CONSTANT_CONVERSION = YES;
				CLANG_WARN_DEPRECATED_OBJC_IMPLEMENTATIONS = YES;
				CLANG_WARN_DIRECT_OBJC_ISA_USAGE = YES_ERROR;
				CLANG_WARN_DOCUMENTATION_COMMENTS = YES;
				CLANG_WARN_EMPTY_BODY = YES;
				CLANG_WARN_ENUM_CONVERSION = YES;
				CLANG_WARN_INFINITE_RECURSION = YES;
				CLANG_WARN_INT_CONVERSION = YES;
				CLANG_WARN_NON_LITERAL_NULL_CONVERSION = YES;
				CLANG_WARN_OBJC_IMPLICIT_RETAIN_SELF = YES;
				CLANG_WARN_OBJC_LITERAL_CONVERSION = YES;
				CLANG_WARN_OBJC_ROOT_CLASS = YES_ERROR;
				CLANG_WARN_QUOTED_INCLUDE_IN_FRAMEWORK_HEADER = YES;
				CLANG_WARN_RANGE_LOOP_ANALYSIS = YES;
				CLANG_WARN_STRICT_PROTOTYPES = YES;
				CLANG_WARN_SUSPICIOUS_MOVE = YES;
				CLANG_WARN_UNGUARDED_AVAILABILITY = YES_AGGRESSIVE;
				CLANG_WARN_UNREACHABLE_CODE = YES;
				CLANG_WARN__DUPLICATE_METHOD_MATCH = YES;
				COPY_PHASE_STRIP = NO;
				DEBUG_INFORMATION_FORMAT = "dwarf-with-dsym";
				ENABLE_NS_ASSERTIONS = NO;
				ENABLE_STRICT_OBJC_MSGSEND = YES;
				ENABLE_USER_SCRIPT_SANDBOXING = YES;
				GCC_C_LANGUAGE_STANDARD = gnu17;
				GCC_NO_COMMON_BLOCKS = YES;
				GCC_WARN_64_TO_32_BIT_CONVERSION = YES;
				GCC_WARN_ABOUT_RETURN_TYPE = YES_ERROR;
				GCC_WARN_UNDECLARED_SELECTOR = YES;
				GCC_WARN_UNINITIALIZED_AUTOS = YES_AGGRESSIVE;
				GCC_WARN_UNUSED_FUNCTION = YES;
				GCC_WARN_UNUSED_VARIABLE = YES;
				IPHONEOS_DEPLOYMENT_TARGET = 17.0;
				LOCALIZATION_PREFERS_STRING_CATALOGS = YES;
				MTL_ENABLE_DEBUG_INFO = NO;
				MTL_FAST_MATH = YES;
				SDKROOT = iphoneos;
				SWIFT_COMPILATION_MODE = wholemodule;
				VALIDATE_PRODUCT = YES;
			};
			name = Release;
		};
		93484E552B2CB54500882CDE /* Debug */ = {
			isa = XCBuildConfiguration;
			buildSettings = {
				ASSETCATALOG_COMPILER_APPICON_NAME = AppIcon;
				ASSETCATALOG_COMPILER_GLOBAL_ACCENT_COLOR_NAME = AccentColor;
				CODE_SIGN_STYLE = Automatic;
				CURRENT_PROJECT_VERSION = 1;
				DEVELOPMENT_ASSET_PATHS = "\"Project Health Check/Preview Content\"";
				DEVELOPMENT_TEAM = KYXA735EC5;
				ENABLE_PREVIEWS = YES;
				GENERATE_INFOPLIST_FILE = YES;
				INFOPLIST_KEY_UIApplicationSceneManifest_Generation = YES;
				INFOPLIST_KEY_UIApplicationSupportsIndirectInputEvents = YES;
				INFOPLIST_KEY_UILaunchScreen_Generation = YES;
				INFOPLIST_KEY_UISupportedInterfaceOrientations_iPad = "UIInterfaceOrientationPortrait UIInterfaceOrientationPortraitUpsideDown UIInterfaceOrientationLandscapeLeft UIInterfaceOrientationLandscapeRight";
				INFOPLIST_KEY_UISupportedInterfaceOrientations_iPhone = "UIInterfaceOrientationPortrait UIInterfaceOrientationLandscapeLeft UIInterfaceOrientationLandscapeRight";
				LD_RUNPATH_SEARCH_PATHS = (
					"$(inherited)",
					"@executable_path/Frameworks",
				);
				MARKETING_VERSION = 1.0;
				PRODUCT_BUNDLE_IDENTIFIER = "app.projecthealthcheck.Project-Health-Check";
				PRODUCT_NAME = "$(TARGET_NAME)";
				SWIFT_EMIT_LOC_STRINGS = YES;
				SWIFT_VERSION = 5.0;
				TARGETED_DEVICE_FAMILY = "1,2";
			};
			name = Debug;
		};
		93484E562B2CB54500882CDE /* Release */ = {
			isa = XCBuildConfiguration;
			buildSettings = {
				ASSETCATALOG_COMPILER_APPICON_NAME = AppIcon;
				ASSETCATALOG_COMPILER_GLOBAL_ACCENT_COLOR_NAME = AccentColor;
				CODE_SIGN_STYLE = Automatic;
				CURRENT_PROJECT_VERSION = 1;
				DEVELOPMENT_ASSET_PATHS = "\"Project Health Check/Preview Content\"";
				DEVELOPMENT_TEAM = KYXA735EC5;
				ENABLE_PREVIEWS = YES;
				GENERATE_INFOPLIST_FILE = YES;
				INFOPLIST_KEY_UIApplicationSceneManifest_Generation = YES;
				INFOPLIST_KEY_UIApplicationSupportsIndirectInputEvents = YES;
				INFOPLIST_KEY_UILaunchScreen_Generation = YES;
				INFOPLIST_KEY_UISupportedInterfaceOrientations_iPad = "UIInterfaceOrientationPortrait UIInterfaceOrientationPortraitUpsideDown UIInterfaceOrientationLandscapeLeft UIInterfaceOrientationLandscapeRight";
				INFOPLIST_KEY_UISupportedInterfaceOrientations_iPhone = "UIInterfaceOrientationPortrait UIInterfaceOrientationLandscapeLeft UIInterfaceOrientationLandscapeRight";
				LD_RUNPATH_SEARCH_PATHS = (
					"$(inherited)",
					"@executable_path/Frameworks",
				);
				MARKETING_VERSION = 1.0;
				PRODUCT_BUNDLE_IDENTIFIER = "app.projecthealthcheck.Project-Health-Check";
				PRODUCT_NAME = "$(TARGET_NAME)";
				SWIFT_EMIT_LOC_STRINGS = YES;
				SWIFT_VERSION = 5.0;
				TARGETED_DEVICE_FAMILY = "1,2";
			};
			name = Release;
		};
/* End XCBuildConfiguration section */

/* Begin XCConfigurationList section */
		93484E412B2CB54400882CDE /* Build configuration list for PBXProject "Project Health Check" */ = {
			isa = XCConfigurationList;
			buildConfigurations = (
				93484E522B2CB54500882CDE /* Debug */,
				93484E532B2CB54500882CDE /* Release */,
			);
			defaultConfigurationIsVisible = 0;
			defaultConfigurationName = Release;
		};
		93484E542B2CB54500882CDE /* Build configuration list for PBXNativeTarget "Project Health Check" */ = {
			isa = XCConfigurationList;
			buildConfigurations = (
				93484E552B2CB54500882CDE /* Debug */,
				93484E562B2CB54500882CDE /* Release */,
			);
			defaultConfigurationIsVisible = 0;
			defaultConfigurationName = Release;
		};
/* End XCConfigurationList section */
	};
	rootObject = 93484E3E2B2CB54400882CDE /* Project object */;
}
